
Microsoft Visual Studio Solution File, Format Version 12.00
# Visual Studio Version 17
VisualStudioVersion = 17.0.31612.314
MinimumVisualStudioVersion = 10.0.40219.1
Project("{9A19103F-16F7-4668-BE54-9A1E7A4F7556}") = "k8cher.auth", "k8cher.auth.csproj", "{558F4612-82BE-4336-A44D-4B2F1EC47C99}"
EndProject
Global
	GlobalSection(SolutionConfigurationPlatforms) = preSolution
		Debug|Any CPU = Debug|Any CPU
		Release|Any CPU = Release|Any CPU
	EndGlobalSection
	GlobalSection(ProjectConfigurationPlatforms) = postSolution
		{558F4612-82BE-4336-A44D-4B2F1EC47C99}.Debug|Any CPU.ActiveCfg = Debug|Any CPU
		{558F4612-82BE-4336-A44D-4B2F1EC47C99}.Debug|Any CPU.Build.0 = Debug|Any CPU
		{558F4612-82BE-4336-A44D-4B2F1EC47C99}.Release|Any CPU.ActiveCfg = Release|Any CPU
		{558F4612-82BE-4336-A44D-4B2F1EC47C99}.Release|Any CPU.Build.0 = Release|Any CPU
	EndGlobalSection
	GlobalSection(SolutionProperties) = preSolution
		HideSolutionNode = FALSE
	EndGlobalSection
	GlobalSection(ExtensibilityGlobals) = postSolution
		SolutionGuid = {9210555F-D772-4DED-A1B2-962E96ED4FE8}
	EndGlobalSection
EndGlobal
