
Microsoft Visual Studio Solution File, Format Version 12.00
# Visual Studio Version 17
VisualStudioVersion = 17.0.31612.314
MinimumVisualStudioVersion = 10.0.40219.1
Project("{9A19103F-16F7-4668-BE54-9A1E7A4F7556}") = "K8cherService", "K8cherService.csproj", "{77A747D4-D8CF-4F89-A0EA-6076EE1E4030}"
EndProject
Global
	GlobalSection(SolutionConfigurationPlatforms) = preSolution
		Debug|Any CPU = Debug|Any CPU
		Release|Any CPU = Release|Any CPU
	EndGlobalSection
	GlobalSection(ProjectConfigurationPlatforms) = postSolution
		{77A747D4-D8CF-4F89-A0EA-6076EE1E4030}.Debug|Any CPU.ActiveCfg = Debug|Any CPU
		{77A747D4-D8CF-4F89-A0EA-6076EE1E4030}.Debug|Any CPU.Build.0 = Debug|Any CPU
		{77A747D4-D8CF-4F89-A0EA-6076EE1E4030}.Release|Any CPU.ActiveCfg = Release|Any CPU
		{77A747D4-D8CF-4F89-A0EA-6076EE1E4030}.Release|Any CPU.Build.0 = Release|Any CPU
	EndGlobalSection
	GlobalSection(SolutionProperties) = preSolution
		HideSolutionNode = FALSE
	EndGlobalSection
	GlobalSection(ExtensibilityGlobals) = postSolution
		SolutionGuid = {1030AD3E-B4D8-4115-A23D-59B112B2D4E1}
	EndGlobalSection
EndGlobal
